DEPENDENCIES
  manatee
    path: .
    metadata: true
  zookeeper
    git: https://github.com/josephglanville/cookbook-zookeeper
    revision: b923ebfa33ce2e2597932d6296e5cf55d59e2d67

GRAPH
  apt (2.7.0)
  manatee (0.1.0)
    apt (>= 0.0.0)
    tar (~> 0.6.0)
    zookeeper (>= 0.0.0)
  tar (0.6.0)
  zookeeper (0.1.0)
    tar (~> 0.6.0)
